
Microsoft Visual Studio Solution File, Format Version 12.00
# Visual Studio Version 17
VisualStudioVersion = 17.6.33829.357
MinimumVisualStudioVersion = 10.0.40219.1
Project("{FAE04EC0-301F-11D3-BF4B-00C04F79EFBC}") = "GameOfPig", "GameOfPig\GameOfPig.csproj", "{D73EB370-4E12-48EB-A0FA-4127AC771FCE}"
EndProject
Global
	GlobalSection(SolutionConfigurationPlatforms) = preSolution
		Debug|Any CPU = Debug|Any CPU
		Release|Any CPU = Release|Any CPU
	EndGlobalSection
	GlobalSection(ProjectConfigurationPlatforms) = postSolution
		{D73EB370-4E12-48EB-A0FA-4127AC771FCE}.Debug|Any CPU.ActiveCfg = Debug|Any CPU
		{D73EB370-4E12-48EB-A0FA-4127AC771FCE}.Debug|Any CPU.Build.0 = Debug|Any CPU
		{D73EB370-4E12-48EB-A0FA-4127AC771FCE}.Release|Any CPU.ActiveCfg = Release|Any CPU
		{D73EB370-4E12-48EB-A0FA-4127AC771FCE}.Release|Any CPU.Build.0 = Release|Any CPU
	EndGlobalSection
	GlobalSection(SolutionProperties) = preSolution
		HideSolutionNode = FALSE
	EndGlobalSection
	GlobalSection(ExtensibilityGlobals) = postSolution
		SolutionGuid = {C294606F-7A5B-43FD-ADAE-69E05222CA32}
	EndGlobalSection
EndGlobal
